
Microsoft Visual Studio Solution File, Format Version 12.00
# Visual Studio 14
VisualStudioVersion = 14.0.23107.0
MinimumVisualStudioVersion = 10.0.40219.1
Project("{FAE04EC0-301F-11D3-BF4B-00C04F79EFBC}") = "BootcampManagementWebAPI", "BootcampManagementWebAPI\BootcampManagementWebAPI.csproj", "{4DEABF41-D8FC-4300-AFA3-8E48A7EE96DC}"
EndProject
Project("{FAE04EC0-301F-11D3-BF4B-00C04F79EFBC}") = "DataAccess", "DataAccess\DataAccess.csproj", "{EEABEE78-A801-4D5F-B63D-52EAC59EB522}"
EndProject
Project("{FAE04EC0-301F-11D3-BF4B-00C04F79EFBC}") = "Core", "Core\Core.csproj", "{E7E0265D-5F20-4E3B-B296-3AA7AAA01CC2}"
EndProject
Project("{FAE04EC0-301F-11D3-BF4B-00C04F79EFBC}") = "Common", "Common\Common.csproj", "{211F9360-E971-431B-AE50-2D1D83B1EF09}"
EndProject
Project("{FAE04EC0-301F-11D3-BF4B-00C04F79EFBC}") = "BusinessLogic", "BusinessLogic\BusinessLogic.csproj", "{C990CDEC-BD06-4EC5-8C87-5602A74B69AE}"
EndProject
Project("{FAE04EC0-301F-11D3-BF4B-00C04F79EFBC}") = "Client", "Client\Client.csproj", "{FCF2216E-0871-46CA-8872-D7B456537F6C}"
EndProject
Global
	GlobalSection(SolutionConfigurationPlatforms) = preSolution
		Debug|Any CPU = Debug|Any CPU
		Release|Any CPU = Release|Any CPU
	EndGlobalSection
	GlobalSection(ProjectConfigurationPlatforms) = postSolution
		{4DEABF41-D8FC-4300-AFA3-8E48A7EE96DC}.Debug|Any CPU.ActiveCfg = Debug|Any CPU
		{4DEABF41-D8FC-4300-AFA3-8E48A7EE96DC}.Debug|Any CPU.Build.0 = Debug|Any CPU
		{4DEABF41-D8FC-4300-AFA3-8E48A7EE96DC}.Release|Any CPU.ActiveCfg = Release|Any CPU
		{4DEABF41-D8FC-4300-AFA3-8E48A7EE96DC}.Release|Any CPU.Build.0 = Release|Any CPU
		{EEABEE78-A801-4D5F-B63D-52EAC59EB522}.Debug|Any CPU.ActiveCfg = Debug|Any CPU
		{EEABEE78-A801-4D5F-B63D-52EAC59EB522}.Debug|Any CPU.Build.0 = Debug|Any CPU
		{EEABEE78-A801-4D5F-B63D-52EAC59EB522}.Release|Any CPU.ActiveCfg = Release|Any CPU
		{EEABEE78-A801-4D5F-B63D-52EAC59EB522}.Release|Any CPU.Build.0 = Release|Any CPU
		{E7E0265D-5F20-4E3B-B296-3AA7AAA01CC2}.Debug|Any CPU.ActiveCfg = Debug|Any CPU
		{E7E0265D-5F20-4E3B-B296-3AA7AAA01CC2}.Debug|Any CPU.Build.0 = Debug|Any CPU
		{E7E0265D-5F20-4E3B-B296-3AA7AAA01CC2}.Release|Any CPU.ActiveCfg = Release|Any CPU
		{E7E0265D-5F20-4E3B-B296-3AA7AAA01CC2}.Release|Any CPU.Build.0 = Release|Any CPU
		{211F9360-E971-431B-AE50-2D1D83B1EF09}.Debug|Any CPU.ActiveCfg = Debug|Any CPU
		{211F9360-E971-431B-AE50-2D1D83B1EF09}.Debug|Any CPU.Build.0 = Debug|Any CPU
		{211F9360-E971-431B-AE50-2D1D83B1EF09}.Release|Any CPU.ActiveCfg = Release|Any CPU
		{211F9360-E971-431B-AE50-2D1D83B1EF09}.Release|Any CPU.Build.0 = Release|Any CPU
		{C990CDEC-BD06-4EC5-8C87-5602A74B69AE}.Debug|Any CPU.ActiveCfg = Debug|Any CPU
		{C990CDEC-BD06-4EC5-8C87-5602A74B69AE}.Debug|Any CPU.Build.0 = Debug|Any CPU
		{C990CDEC-BD06-4EC5-8C87-5602A74B69AE}.Release|Any CPU.ActiveCfg = Release|Any CPU
		{C990CDEC-BD06-4EC5-8C87-5602A74B69AE}.Release|Any CPU.Build.0 = Release|Any CPU
		{FCF2216E-0871-46CA-8872-D7B456537F6C}.Debug|Any CPU.ActiveCfg = Debug|Any CPU
		{FCF2216E-0871-46CA-8872-D7B456537F6C}.Debug|Any CPU.Build.0 = Debug|Any CPU
		{FCF2216E-0871-46CA-8872-D7B456537F6C}.Release|Any CPU.ActiveCfg = Release|Any CPU
		{FCF2216E-0871-46CA-8872-D7B456537F6C}.Release|Any CPU.Build.0 = Release|Any CPU
	EndGlobalSection
	GlobalSection(SolutionProperties) = preSolution
		HideSolutionNode = FALSE
	EndGlobalSection
EndGlobal
